{
  "name": "subagents",
  "version": "1.0.0",
  "lockfileVersion": 3,
  "requires": true,
  "packages": {
    "": {
      "name": "subagents",
      "version": "1.0.0",
      "dependencies": {
        "@pimote/panels": "file:../../../pimote/packages/panels"
      }
    },
    "../../../pimote/packages/panels": {
      "name": "@pimote/panels",
      "version": "0.0.1",
      "license": "MIT",
      "devDependencies": {
        "@mariozechner/pi-coding-agent": "^0.64.0",
        "typescript": "^5.7.0",
        "vitest": "^3.0.0"
      },
      "peerDependencies": {
        "@mariozechner/pi-coding-agent": "^0.64.0"
      }
    },
    "node_modules/@pimote/panels": {
      "resolved": "../../../pimote/packages/panels",
      "link": true
    }
  }
}
